
Microsoft Visual Studio Solution File, Format Version 12.00
# Visual Studio Version 16
VisualStudioVersion = 16.0.30717.126
MinimumVisualStudioVersion = 10.0.40219.1
Project("{9A19103F-16F7-4668-BE54-9A1E7A4F7556}") = "RandomQuotes", "RandomQuotes\RandomQuotes.csproj", "{A42CA059-49B7-4D4E-9F86-1A289869066B}"
EndProject
Project("{9A19103F-16F7-4668-BE54-9A1E7A4F7556}") = "RandomQuotes.Tests", "RandomQuotes.Tests\RandomQuotes.Tests.csproj", "{1E0F0919-3F53-4790-BAD0-3DDBF17692AD}"
EndProject
Global
	GlobalSection(SolutionConfigurationPlatforms) = preSolution
		Debug|Any CPU = Debug|Any CPU
		Release|Any CPU = Release|Any CPU
	EndGlobalSection
	GlobalSection(ProjectConfigurationPlatforms) = postSolution
		{A42CA059-49B7-4D4E-9F86-1A289869066B}.Debug|Any CPU.ActiveCfg = Debug|Any CPU
		{A42CA059-49B7-4D4E-9F86-1A289869066B}.Debug|Any CPU.Build.0 = Debug|Any CPU
		{A42CA059-49B7-4D4E-9F86-1A289869066B}.Release|Any CPU.ActiveCfg = Release|Any CPU
		{A42CA059-49B7-4D4E-9F86-1A289869066B}.Release|Any CPU.Build.0 = Release|Any CPU
		{1E0F0919-3F53-4790-BAD0-3DDBF17692AD}.Debug|Any CPU.ActiveCfg = Debug|Any CPU
		{1E0F0919-3F53-4790-BAD0-3DDBF17692AD}.Debug|Any CPU.Build.0 = Debug|Any CPU
		{1E0F0919-3F53-4790-BAD0-3DDBF17692AD}.Release|Any CPU.ActiveCfg = Release|Any CPU
		{1E0F0919-3F53-4790-BAD0-3DDBF17692AD}.Release|Any CPU.Build.0 = Release|Any CPU
	EndGlobalSection
	GlobalSection(SolutionProperties) = preSolution
		HideSolutionNode = FALSE
	EndGlobalSection
	GlobalSection(ExtensibilityGlobals) = postSolution
		SolutionGuid = {A67CC575-D61E-49A8-8E7A-D53BE4725C66}
	EndGlobalSection
EndGlobal
